
Microsoft Visual Studio Solution File, Format Version 11.00
# Visual Studio 2010
Project("{FAE04EC0-301F-11D3-BF4B-00C04F79EFBC}") = "Chapter_04", "Chapter_04\Chapter_04.csproj", "{30A7B03C-686D-45E7-9CA4-54413B437454}"
EndProject
Global
	GlobalSection(SolutionConfigurationPlatforms) = preSolution
		Debug|x86 = Debug|x86
		Release|x86 = Release|x86
	EndGlobalSection
	GlobalSection(ProjectConfigurationPlatforms) = postSolution
		{30A7B03C-686D-45E7-9CA4-54413B437454}.Debug|x86.ActiveCfg = Debug|x86
		{30A7B03C-686D-45E7-9CA4-54413B437454}.Debug|x86.Build.0 = Debug|x86
		{30A7B03C-686D-45E7-9CA4-54413B437454}.Release|x86.ActiveCfg = Release|x86
		{30A7B03C-686D-45E7-9CA4-54413B437454}.Release|x86.Build.0 = Release|x86
	EndGlobalSection
	GlobalSection(SolutionProperties) = preSolution
		HideSolutionNode = FALSE
	EndGlobalSection
EndGlobal
